
Microsoft Visual Studio Solution File, Format Version 12.00
# Visual Studio 15
VisualStudioVersion = 15.0.27703.2000
MinimumVisualStudioVersion = 10.0.40219.1
Project("{FAE04EC0-301F-11D3-BF4B-00C04F79EFBC}") = "OldBooks", "OldBooks\OldBooks.csproj", "{8AE88134-7AA6-450A-AD24-9E56ED289B5A}"
EndProject
Project("{FAE04EC0-301F-11D3-BF4B-00C04F79EFBC}") = "ExamPreparation", "ExamPreparation\ExamPreparation.csproj", "{C25405B5-A259-4ED9-B7C7-090D75B62E99}"
EndProject
Project("{FAE04EC0-301F-11D3-BF4B-00C04F79EFBC}") = "Vacation", "Vacation\Vacation.csproj", "{B1ABBA17-5599-42E1-B783-38F1E9F28EF4}"
EndProject
Project("{FAE04EC0-301F-11D3-BF4B-00C04F79EFBC}") = "Walking", "Walking\Walking.csproj", "{7F7CE86C-697D-4C8E-839A-ABFFAFF65241}"
EndProject
Project("{FAE04EC0-301F-11D3-BF4B-00C04F79EFBC}") = "Coins", "Coins\Coins.csproj", "{A6C4DFC5-914B-49A7-96ED-3066652BFE63}"
EndProject
Project("{FAE04EC0-301F-11D3-BF4B-00C04F79EFBC}") = "Cake", "Cake\Cake.csproj", "{7763533D-7F44-43EE-8863-18EF32BE2AF7}"
EndProject
Global
	GlobalSection(SolutionConfigurationPlatforms) = preSolution
		Debug|Any CPU = Debug|Any CPU
		Release|Any CPU = Release|Any CPU
	EndGlobalSection
	GlobalSection(ProjectConfigurationPlatforms) = postSolution
		{8AE88134-7AA6-450A-AD24-9E56ED289B5A}.Debug|Any CPU.ActiveCfg = Debug|Any CPU
		{8AE88134-7AA6-450A-AD24-9E56ED289B5A}.Debug|Any CPU.Build.0 = Debug|Any CPU
		{8AE88134-7AA6-450A-AD24-9E56ED289B5A}.Release|Any CPU.ActiveCfg = Release|Any CPU
		{8AE88134-7AA6-450A-AD24-9E56ED289B5A}.Release|Any CPU.Build.0 = Release|Any CPU
		{C25405B5-A259-4ED9-B7C7-090D75B62E99}.Debug|Any CPU.ActiveCfg = Debug|Any CPU
		{C25405B5-A259-4ED9-B7C7-090D75B62E99}.Debug|Any CPU.Build.0 = Debug|Any CPU
		{C25405B5-A259-4ED9-B7C7-090D75B62E99}.Release|Any CPU.ActiveCfg = Release|Any CPU
		{C25405B5-A259-4ED9-B7C7-090D75B62E99}.Release|Any CPU.Build.0 = Release|Any CPU
		{B1ABBA17-5599-42E1-B783-38F1E9F28EF4}.Debug|Any CPU.ActiveCfg = Debug|Any CPU
		{B1ABBA17-5599-42E1-B783-38F1E9F28EF4}.Debug|Any CPU.Build.0 = Debug|Any CPU
		{B1ABBA17-5599-42E1-B783-38F1E9F28EF4}.Release|Any CPU.ActiveCfg = Release|Any CPU
		{B1ABBA17-5599-42E1-B783-38F1E9F28EF4}.Release|Any CPU.Build.0 = Release|Any CPU
		{7F7CE86C-697D-4C8E-839A-ABFFAFF65241}.Debug|Any CPU.ActiveCfg = Debug|Any CPU
		{7F7CE86C-697D-4C8E-839A-ABFFAFF65241}.Debug|Any CPU.Build.0 = Debug|Any CPU
		{7F7CE86C-697D-4C8E-839A-ABFFAFF65241}.Release|Any CPU.ActiveCfg = Release|Any CPU
		{7F7CE86C-697D-4C8E-839A-ABFFAFF65241}.Release|Any CPU.Build.0 = Release|Any CPU
		{A6C4DFC5-914B-49A7-96ED-3066652BFE63}.Debug|Any CPU.ActiveCfg = Debug|Any CPU
		{A6C4DFC5-914B-49A7-96ED-3066652BFE63}.Debug|Any CPU.Build.0 = Debug|Any CPU
		{A6C4DFC5-914B-49A7-96ED-3066652BFE63}.Release|Any CPU.ActiveCfg = Release|Any CPU
		{A6C4DFC5-914B-49A7-96ED-3066652BFE63}.Release|Any CPU.Build.0 = Release|Any CPU
		{7763533D-7F44-43EE-8863-18EF32BE2AF7}.Debug|Any CPU.ActiveCfg = Debug|Any CPU
		{7763533D-7F44-43EE-8863-18EF32BE2AF7}.Debug|Any CPU.Build.0 = Debug|Any CPU
		{7763533D-7F44-43EE-8863-18EF32BE2AF7}.Release|Any CPU.ActiveCfg = Release|Any CPU
		{7763533D-7F44-43EE-8863-18EF32BE2AF7}.Release|Any CPU.Build.0 = Release|Any CPU
	EndGlobalSection
	GlobalSection(SolutionProperties) = preSolution
		HideSolutionNode = FALSE
	EndGlobalSection
	GlobalSection(ExtensibilityGlobals) = postSolution
		SolutionGuid = {29E05977-2E79-4713-9631-FB87257045B5}
	EndGlobalSection
EndGlobal
